
Microsoft Visual Studio Solution File, Format Version 12.00
# Visual Studio Version 16
VisualStudioVersion = 16.0.32602.291
MinimumVisualStudioVersion = 10.0.40219.1
Project("{FAE04EC0-301F-11D3-BF4B-00C04F79EFBC}") = "Exception", "Exception\Exception.csproj", "{775922AD-3836-4DFA-8971-BA56A5A2B86B}"
EndProject
Global
	GlobalSection(SolutionConfigurationPlatforms) = preSolution
		Debug|Any CPU = Debug|Any CPU
		Release|Any CPU = Release|Any CPU
	EndGlobalSection
	GlobalSection(ProjectConfigurationPlatforms) = postSolution
		{775922AD-3836-4DFA-8971-BA56A5A2B86B}.Debug|Any CPU.ActiveCfg = Debug|Any CPU
		{775922AD-3836-4DFA-8971-BA56A5A2B86B}.Debug|Any CPU.Build.0 = Debug|Any CPU
		{775922AD-3836-4DFA-8971-BA56A5A2B86B}.Release|Any CPU.ActiveCfg = Release|Any CPU
		{775922AD-3836-4DFA-8971-BA56A5A2B86B}.Release|Any CPU.Build.0 = Release|Any CPU
	EndGlobalSection
	GlobalSection(SolutionProperties) = preSolution
		HideSolutionNode = FALSE
	EndGlobalSection
	GlobalSection(ExtensibilityGlobals) = postSolution
		SolutionGuid = {BF35E833-654C-4D9A-B081-0DD68FDA4BAF}
	EndGlobalSection
EndGlobal
